
Microsoft Visual Studio Solution File, Format Version 12.00
# Visual Studio Version 16
VisualStudioVersion = 16.0.30011.22
MinimumVisualStudioVersion = 10.0.40219.1
Project("{FAE04EC0-301F-11D3-BF4B-00C04F79EFBC}") = "WinCollection", "WinCollection\WinCollection.csproj", "{440C0D92-DA23-4CD2-82EB-52C441DAAF8A}"
EndProject
Project("{FAE04EC0-301F-11D3-BF4B-00C04F79EFBC}") = "WinCustomCollection", "WinCustomCollection\WinCustomCollection.csproj", "{4029E646-C3D9-40B8-8BDF-8A4F1CEC9E6E}"
EndProject
Project("{FAE04EC0-301F-11D3-BF4B-00C04F79EFBC}") = "WinGeneric", "WinGeneric\WinGeneric.csproj", "{13B4C9DB-A161-4329-B5B8-600145354952}"
EndProject
Project("{FAE04EC0-301F-11D3-BF4B-00C04F79EFBC}") = "WinGenericOdev", "WinGenericOdev\WinGenericOdev.csproj", "{F4BE657B-F7E8-4D6E-9119-C195DC661F17}"
EndProject
Project("{FAE04EC0-301F-11D3-BF4B-00C04F79EFBC}") = "WinCustomGenericCollection", "WinCustomGenericCollection\WinCustomGenericCollection.csproj", "{7A5EB78F-3E20-4D31-8CE5-14486512E57D}"
EndProject
Global
	GlobalSection(SolutionConfigurationPlatforms) = preSolution
		Debug|Any CPU = Debug|Any CPU
		Release|Any CPU = Release|Any CPU
	EndGlobalSection
	GlobalSection(ProjectConfigurationPlatforms) = postSolution
		{440C0D92-DA23-4CD2-82EB-52C441DAAF8A}.Debug|Any CPU.ActiveCfg = Debug|Any CPU
		{440C0D92-DA23-4CD2-82EB-52C441DAAF8A}.Debug|Any CPU.Build.0 = Debug|Any CPU
		{440C0D92-DA23-4CD2-82EB-52C441DAAF8A}.Release|Any CPU.ActiveCfg = Release|Any CPU
		{440C0D92-DA23-4CD2-82EB-52C441DAAF8A}.Release|Any CPU.Build.0 = Release|Any CPU
		{4029E646-C3D9-40B8-8BDF-8A4F1CEC9E6E}.Debug|Any CPU.ActiveCfg = Debug|Any CPU
		{4029E646-C3D9-40B8-8BDF-8A4F1CEC9E6E}.Debug|Any CPU.Build.0 = Debug|Any CPU
		{4029E646-C3D9-40B8-8BDF-8A4F1CEC9E6E}.Release|Any CPU.ActiveCfg = Release|Any CPU
		{4029E646-C3D9-40B8-8BDF-8A4F1CEC9E6E}.Release|Any CPU.Build.0 = Release|Any CPU
		{13B4C9DB-A161-4329-B5B8-600145354952}.Debug|Any CPU.ActiveCfg = Debug|Any CPU
		{13B4C9DB-A161-4329-B5B8-600145354952}.Debug|Any CPU.Build.0 = Debug|Any CPU
		{13B4C9DB-A161-4329-B5B8-600145354952}.Release|Any CPU.ActiveCfg = Release|Any CPU
		{13B4C9DB-A161-4329-B5B8-600145354952}.Release|Any CPU.Build.0 = Release|Any CPU
		{F4BE657B-F7E8-4D6E-9119-C195DC661F17}.Debug|Any CPU.ActiveCfg = Debug|Any CPU
		{F4BE657B-F7E8-4D6E-9119-C195DC661F17}.Debug|Any CPU.Build.0 = Debug|Any CPU
		{F4BE657B-F7E8-4D6E-9119-C195DC661F17}.Release|Any CPU.ActiveCfg = Release|Any CPU
		{F4BE657B-F7E8-4D6E-9119-C195DC661F17}.Release|Any CPU.Build.0 = Release|Any CPU
		{7A5EB78F-3E20-4D31-8CE5-14486512E57D}.Debug|Any CPU.ActiveCfg = Debug|Any CPU
		{7A5EB78F-3E20-4D31-8CE5-14486512E57D}.Debug|Any CPU.Build.0 = Debug|Any CPU
		{7A5EB78F-3E20-4D31-8CE5-14486512E57D}.Release|Any CPU.ActiveCfg = Release|Any CPU
		{7A5EB78F-3E20-4D31-8CE5-14486512E57D}.Release|Any CPU.Build.0 = Release|Any CPU
	EndGlobalSection
	GlobalSection(SolutionProperties) = preSolution
		HideSolutionNode = FALSE
	EndGlobalSection
	GlobalSection(ExtensibilityGlobals) = postSolution
		SolutionGuid = {2A7D3015-E684-43D9-B86C-648C122EA84C}
	EndGlobalSection
EndGlobal
